
Microsoft Visual Studio Solution File, Format Version 12.00
# Visual Studio Version 17
VisualStudioVersion = 17.4.33213.308
MinimumVisualStudioVersion = 10.0.40219.1
Project("{FAE04EC0-301F-11D3-BF4B-00C04F79EFBC}") = "vm4", "vm4.csproj", "{5EF33BC0-5662-4C18-9247-C62D87E36D25}"
EndProject
Global
	GlobalSection(SolutionConfigurationPlatforms) = preSolution
		Debug|Any CPU = Debug|Any CPU
		Release|Any CPU = Release|Any CPU
	EndGlobalSection
	GlobalSection(ProjectConfigurationPlatforms) = postSolution
		{5EF33BC0-5662-4C18-9247-C62D87E36D25}.Debug|Any CPU.ActiveCfg = Debug|Any CPU
		{5EF33BC0-5662-4C18-9247-C62D87E36D25}.Debug|Any CPU.Build.0 = Debug|Any CPU
		{5EF33BC0-5662-4C18-9247-C62D87E36D25}.Release|Any CPU.ActiveCfg = Release|Any CPU
		{5EF33BC0-5662-4C18-9247-C62D87E36D25}.Release|Any CPU.Build.0 = Release|Any CPU
	EndGlobalSection
	GlobalSection(SolutionProperties) = preSolution
		HideSolutionNode = FALSE
	EndGlobalSection
	GlobalSection(ExtensibilityGlobals) = postSolution
		SolutionGuid = {B0BD90CC-5AB1-422D-8B94-E0AF79E5E63C}
	EndGlobalSection
EndGlobal
